{
  "name": "snreact",
  "version": "1.0.0",
  "lockfileVersion": 1,
  "requires": true,
  "dependencies": {
    "eslint-config-google": {
      "version": "0.9.1",
      "resolved": "https://registry.npmjs.org/eslint-config-google/-/eslint-config-google-0.9.1.tgz",
      "integrity": "sha512-5A83D+lH0PA81QMESKbLJd/a3ic8tPZtwUmqNrxMRo54nfFaUvtt89q/+icQ+fd66c2xQHn0KyFkzJDoAUfpZA==",
      "dev": true
    },
    "shortid": {
      "version": "2.2.8",
      "resolved": "https://registry.npmjs.org/shortid/-/shortid-2.2.8.tgz",
      "integrity": "sha1-AzsRfWoul1gE9vCWnb59PQs1UTE="
    },
    "tachyons": {
      "version": "4.9.1",
      "resolved": "https://registry.npmjs.org/tachyons/-/tachyons-4.9.1.tgz",
      "integrity": "sha512-trJFXhzDZeHRcd9Bqn6ub3e0VqGWKMsGdP7RJoT+8Ihoak41o1qCwqcFx8hsFlfFWa6a4jsb464TNXnTt+MPnw=="
    }
  }
}
